
Microsoft Visual Studio Solution File, Format Version 12.00
# Visual Studio 15
VisualStudioVersion = 15.0.28010.2046
MinimumVisualStudioVersion = 10.0.40219.1
Project("{9A19103F-16F7-4668-BE54-9A1E7A4F7556}") = "App.WebAPI", "App\App.WebAPI.csproj", "{25B8BCFE-F57C-4E27-BA1F-FE56C06C5845}"
EndProject
Project("{9A19103F-16F7-4668-BE54-9A1E7A4F7556}") = "App.Logic", "App.Logic\App.Logic.csproj", "{A06EB93D-535B-4E47-A99C-29FE3815F3C8}"
EndProject
Project("{2150E333-8FDC-42A3-9474-1A3956D46DE8}") = "Apps", "Apps", "{B5A23B06-68CB-4949-B476-11B62B478439}"
EndProject
Project("{2150E333-8FDC-42A3-9474-1A3956D46DE8}") = "DAL", "DAL", "{A457A0F0-E308-41C7-A55F-61B7D9DD419C}"
EndProject
Project("{FAE04EC0-301F-11D3-BF4B-00C04F79EFBC}") = "Simple.DAL", "Simple.DAL\Simple.DAL.csproj", "{07FF7B0A-E11A-4D56-90CE-F0CFD8A33A5D}"
EndProject
Project("{FAE04EC0-301F-11D3-BF4B-00C04F79EFBC}") = "Simple.DAL.Entities", "Simple.DAL.Entities\Simple.DAL.Entities.csproj", "{180F9C33-957E-46BD-8680-840C75BB85F4}"
EndProject
Project("{FAE04EC0-301F-11D3-BF4B-00C04F79EFBC}") = "App.WebAPI.DTOs", "App.WebAPI.DTOs\App.WebAPI.DTOs.csproj", "{14FD1BD0-7BD3-4F3F-8FF5-489D9761C163}"
EndProject
Global
	GlobalSection(SolutionConfigurationPlatforms) = preSolution
		Debug|Any CPU = Debug|Any CPU
		Release|Any CPU = Release|Any CPU
	EndGlobalSection
	GlobalSection(ProjectConfigurationPlatforms) = postSolution
		{25B8BCFE-F57C-4E27-BA1F-FE56C06C5845}.Debug|Any CPU.ActiveCfg = Debug|Any CPU
		{25B8BCFE-F57C-4E27-BA1F-FE56C06C5845}.Debug|Any CPU.Build.0 = Debug|Any CPU
		{25B8BCFE-F57C-4E27-BA1F-FE56C06C5845}.Release|Any CPU.ActiveCfg = Release|Any CPU
		{25B8BCFE-F57C-4E27-BA1F-FE56C06C5845}.Release|Any CPU.Build.0 = Release|Any CPU
		{A06EB93D-535B-4E47-A99C-29FE3815F3C8}.Debug|Any CPU.ActiveCfg = Debug|Any CPU
		{A06EB93D-535B-4E47-A99C-29FE3815F3C8}.Debug|Any CPU.Build.0 = Debug|Any CPU
		{A06EB93D-535B-4E47-A99C-29FE3815F3C8}.Release|Any CPU.ActiveCfg = Release|Any CPU
		{A06EB93D-535B-4E47-A99C-29FE3815F3C8}.Release|Any CPU.Build.0 = Release|Any CPU
		{07FF7B0A-E11A-4D56-90CE-F0CFD8A33A5D}.Debug|Any CPU.ActiveCfg = Debug|Any CPU
		{07FF7B0A-E11A-4D56-90CE-F0CFD8A33A5D}.Debug|Any CPU.Build.0 = Debug|Any CPU
		{07FF7B0A-E11A-4D56-90CE-F0CFD8A33A5D}.Release|Any CPU.ActiveCfg = Release|Any CPU
		{07FF7B0A-E11A-4D56-90CE-F0CFD8A33A5D}.Release|Any CPU.Build.0 = Release|Any CPU
		{180F9C33-957E-46BD-8680-840C75BB85F4}.Debug|Any CPU.ActiveCfg = Debug|Any CPU
		{180F9C33-957E-46BD-8680-840C75BB85F4}.Debug|Any CPU.Build.0 = Debug|Any CPU
		{180F9C33-957E-46BD-8680-840C75BB85F4}.Release|Any CPU.ActiveCfg = Release|Any CPU
		{180F9C33-957E-46BD-8680-840C75BB85F4}.Release|Any CPU.Build.0 = Release|Any CPU
		{14FD1BD0-7BD3-4F3F-8FF5-489D9761C163}.Debug|Any CPU.ActiveCfg = Debug|Any CPU
		{14FD1BD0-7BD3-4F3F-8FF5-489D9761C163}.Debug|Any CPU.Build.0 = Debug|Any CPU
		{14FD1BD0-7BD3-4F3F-8FF5-489D9761C163}.Release|Any CPU.ActiveCfg = Release|Any CPU
		{14FD1BD0-7BD3-4F3F-8FF5-489D9761C163}.Release|Any CPU.Build.0 = Release|Any CPU
	EndGlobalSection
	GlobalSection(SolutionProperties) = preSolution
		HideSolutionNode = FALSE
	EndGlobalSection
	GlobalSection(NestedProjects) = preSolution
		{25B8BCFE-F57C-4E27-BA1F-FE56C06C5845} = {B5A23B06-68CB-4949-B476-11B62B478439}
		{A06EB93D-535B-4E47-A99C-29FE3815F3C8} = {B5A23B06-68CB-4949-B476-11B62B478439}
		{07FF7B0A-E11A-4D56-90CE-F0CFD8A33A5D} = {A457A0F0-E308-41C7-A55F-61B7D9DD419C}
		{180F9C33-957E-46BD-8680-840C75BB85F4} = {A457A0F0-E308-41C7-A55F-61B7D9DD419C}
		{14FD1BD0-7BD3-4F3F-8FF5-489D9761C163} = {B5A23B06-68CB-4949-B476-11B62B478439}
	EndGlobalSection
	GlobalSection(ExtensibilityGlobals) = postSolution
		SolutionGuid = {9C065E03-D5C8-45B3-8501-84CB5A88DF94}
	EndGlobalSection
EndGlobal
